// !$*UTF8*$!
{
	archiveVersion = 1;
	classes = {
	};
	objectVersion = 46;
	objects = {

/* Begin PBXBuildFile section */
		53BA797B196705E8008E1160 /* AppDelegate.swift in Sources */ = {isa = PBXBuildFile; fileRef = 53BA797A196705E8008E1160 /* AppDelegate.swift */; };
		53BA797D196705E8008E1160 /* ViewController.swift in Sources */ = {isa = PBXBuildFile; fileRef = 53BA797C196705E8008E1160 /* ViewController.swift */; };
		53BA7980196705E8008E1160 /* Main.storyboard in Resources */ = {isa = PBXBuildFile; fileRef = 53BA797E196705E8008E1160 /* Main.storyboard */; };
		53BA7982196705E8008E1160 /* Images.xcassets in Resources */ = {isa = PBXBuildFile; fileRef = 53BA7981196705E8008E1160 /* Images.xcassets */; };
		53BA798E196705E8008E1160 /* SwiftHUDTests.swift in Sources */ = {isa = PBXBuildFile; fileRef = 53BA798D196705E8008E1160 /* SwiftHUDTests.swift */; };
/* End PBXBuildFile section */

/* Begin PBXContainerItemProxy section */
		53BA7988196705E8008E1160 /* PBXContainerItemProxy */ = {
			isa = PBXContainerItemProxy;
			containerPortal = 53BA796D196705E8008E1160 /* Project object */;
			proxyType = 1;
			remoteGlobalIDString = 53BA7974196705E8008E1160;
			remoteInfo = SwiftHUD;
		};
/* End PBXContainerItemProxy section */

/* Begin PBXFileReference section */
		53BA7975196705E8008E1160 /* SwiftHUD.app */ = {isa = PBXFileReference; explicitFileType = wrapper.application; includeInIndex = 0; path = SwiftHUD.app; sourceTree = BUILT_PRODUCTS_DIR; };
		53BA7979196705E8008E1160 /* Info.plist */ = {isa = PBXFileReference; lastKnownFileType = text.plist.xml; path = Info.plist; sourceTree = "<group>"; };
		53BA797A196705E8008E1160 /* AppDelegate.swift */ = {isa = PBXFileReference; lastKnownFileType = sourcecode.swift; path = AppDelegate.swift; sourceTree = "<group>"; };
		53BA797C196705E8008E1160 /* ViewController.swift */ = {isa = PBXFileReference; lastKnownFileType = sourcecode.swift; path = ViewController.swift; sourceTree = "<group>"; };
		53BA797F196705E8008E1160 /* Base */ = {isa = PBXFileReference; lastKnownFileType = file.storyboard; name = Base; path = Base.lproj/Main.storyboard; sourceTree = "<group>"; };
		53BA7981196705E8008E1160 /* Images.xcassets */ = {isa = PBXFileReference; lastKnownFileType = folder.assetcatalog; path = Images.xcassets; sourceTree = "<group>"; };
		53BA7987196705E8008E1160 /* SwiftHUDTests.xctest */ = {isa = PBXFileReference; explicitFileType = wrapper.cfbundle; includeInIndex = 0; path = SwiftHUDTests.xctest; sourceTree = BUILT_PRODUCTS_DIR; };
		53BA798C196705E8008E1160 /* Info.plist */ = {isa = PBXFileReference; lastKnownFileType = text.plist.xml; path = Info.plist; sourceTree = "<group>"; };
		53BA798D196705E8008E1160 /* SwiftHUDTests.swift */ = {isa = PBXFileReference; lastKnownFileType = sourcecode.swift; path = SwiftHUDTests.swift; sourceTree = "<group>"; };
/* End PBXFileReference section */

/* Begin PBXFrameworksBuildPhase section */
		53BA7972196705E8008E1160 /* Frameworks */ = {
			isa = PBXFrameworksBuildPhase;
			buildActionMask = 2147483647;
			files = (
			);
			runOnlyForDeploymentPostprocessing = 0;
		};
		53BA7984196705E8008E1160 /* Frameworks */ = {
			isa = PBXFrameworksBuildPhase;
			buildActionMask = 2147483647;
			files = (
			);
			runOnlyForDeploymentPostprocessing = 0;
		};
/* End PBXFrameworksBuildPhase section */

/* Begin PBXGroup section */
		53BA796C196705E8008E1160 = {
			isa = PBXGroup;
			children = (
				53BA7977196705E8008E1160 /* SwiftHUD */,
				53BA798A196705E8008E1160 /* SwiftHUDTests */,
				53BA7976196705E8008E1160 /* Products */,
			);
			sourceTree = "<group>";
		};
		53BA7976196705E8008E1160 /* Products */ = {
			isa = PBXGroup;
			children = (
				53BA7975196705E8008E1160 /* SwiftHUD.app */,
				53BA7987196705E8008E1160 /* SwiftHUDTests.xctest */,
			);
			name = Products;
			sourceTree = "<group>";
		};
		53BA7977196705E8008E1160 /* SwiftHUD */ = {
			isa = PBXGroup;
			children = (
				53BA797A196705E8008E1160 /* AppDelegate.swift */,
				53BA797C196705E8008E1160 /* ViewController.swift */,
				53BA797E196705E8008E1160 /* Main.storyboard */,
				53BA7981196705E8008E1160 /* Images.xcassets */,
				53BA7978196705E8008E1160 /* Supporting Files */,
			);
			path = SwiftHUD;
			sourceTree = "<group>";
		};
		53BA7978196705E8008E1160 /* Supporting Files */ = {
			isa = PBXGroup;
			children = (
				53BA7979196705E8008E1160 /* Info.plist */,
			);
			name = "Supporting Files";
			sourceTree = "<group>";
		};
		53BA798A196705E8008E1160 /* SwiftHUDTests */ = {
			isa = PBXGroup;
			children = (
				53BA798D196705E8008E1160 /* SwiftHUDTests.swift */,
				53BA798B196705E8008E1160 /* Supporting Files */,
			);
			path = SwiftHUDTests;
			sourceTree = "<group>";
		};
		53BA798B196705E8008E1160 /* Supporting Files */ = {
			isa = PBXGroup;
			children = (
				53BA798C196705E8008E1160 /* Info.plist */,
			);
			name = "Supporting Files";
			sourceTree = "<group>";
		};
/* End PBXGroup section */

/* Begin PBXNativeTarget section */
		53BA7974196705E8008E1160 /* SwiftHUD */ = {
			isa = PBXNativeTarget;
			buildConfigurationList = 53BA7991196705E8008E1160 /* Build configuration list for PBXNativeTarget "SwiftHUD" */;
			buildPhases = (
				53BA7971196705E8008E1160 /* Sources */,
				53BA7972196705E8008E1160 /* Frameworks */,
				53BA7973196705E8008E1160 /* Resources */,
			);
			buildRules = (
			);
			dependencies = (
			);
			name = SwiftHUD;
			productName = SwiftHUD;
			productReference = 53BA7975196705E8008E1160 /* SwiftHUD.app */;
			productType = "com.apple.product-type.application";
		};
		53BA7986196705E8008E1160 /* SwiftHUDTests */ = {
			isa = PBXNativeTarget;
			buildConfigurationList = 53BA7994196705E8008E1160 /* Build configuration list for PBXNativeTarget "SwiftHUDTests" */;
			buildPhases = (
				53BA7983196705E8008E1160 /* Sources */,
				53BA7984196705E8008E1160 /* Frameworks */,
				53BA7985196705E8008E1160 /* Resources */,
			);
			buildRules = (
			);
			dependencies = (
				53BA7989196705E8008E1160 /* PBXTargetDependency */,
			);
			name = SwiftHUDTests;
			productName = SwiftHUDTests;
			productReference = 53BA7987196705E8008E1160 /* SwiftHUDTests.xctest */;
			productType = "com.apple.product-type.bundle.unit-test";
		};
/* End PBXNativeTarget section */

/* Begin PBXProject section */
		53BA796D196705E8008E1160 /* Project object */ = {
			isa = PBXProject;
			attributes = {
				LastUpgradeCheck = 0600;
				TargetAttributes = {
					53BA7974196705E8008E1160 = {
						CreatedOnToolsVersion = 6.0;
					};
					53BA7986196705E8008E1160 = {
						CreatedOnToolsVersion = 6.0;
						TestTargetID = 53BA7974196705E8008E1160;
					};
				};
			};
			buildConfigurationList = 53BA7970196705E8008E1160 /* Build configuration list for PBXProject "SwiftHUD" */;
			compatibilityVersion = "Xcode 3.2";
			developmentRegion = English;
			hasScannedForEncodings = 0;
			knownRegions = (
				en,
				Base,
			);
			mainGroup = 53BA796C196705E8008E1160;
			productRefGroup = 53BA7976196705E8008E1160 /* Products */;
			projectDirPath = "";
			projectRoot = "";
			targets = (
				53BA7974196705E8008E1160 /* SwiftHUD */,
				53BA7986196705E8008E1160 /* SwiftHUDTests */,
			);
		};
/* End PBXProject section */

/* Begin PBXResourcesBuildPhase section */
		53BA7973196705E8008E1160 /* Resources */ = {
			isa = PBXResourcesBuildPhase;
			buildActionMask = 2147483647;
			files = (
				53BA7980196705E8008E1160 /* Main.storyboard in Resources */,
				53BA7982196705E8008E1160 /* Images.xcassets in Resources */,
			);
			runOnlyForDeploymentPostprocessing = 0;
		};
		53BA7985196705E8008E1160 /* Resources */ = {
			isa = PBXResourcesBuildPhase;
			buildActionMask = 2147483647;
			files = (
			);
			runOnlyForDeploymentPostprocessing = 0;
		};
/* End PBXResourcesBuildPhase section */

/* Begin PBXSourcesBuildPhase section */
		53BA7971196705E8008E1160 /* Sources */ = {
			isa = PBXSourcesBuildPhase;
			buildActionMask = 2147483647;
			files = (
				53BA797D196705E8008E1160 /* ViewController.swift in Sources */,
				53BA797B196705E8008E1160 /* AppDelegate.swift in Sources */,
			);
			runOnlyForDeploymentPostprocessing = 0;
		};
		53BA7983196705E8008E1160 /* Sources */ = {
			isa = PBXSourcesBuildPhase;
			buildActionMask = 2147483647;
			files = (
				53BA798E196705E8008E1160 /* SwiftHUDTests.swift in Sources */,
			);
			runOnlyForDeploymentPostprocessing = 0;
		};
/* End PBXSourcesBuildPhase section */

/* Begin PBXTargetDependency section */
		53BA7989196705E8008E1160 /* PBXTargetDependency */ = {
			isa = PBXTargetDependency;
			target = 53BA7974196705E8008E1160 /* SwiftHUD */;
			targetProxy = 53BA7988196705E8008E1160 /* PBXContainerItemProxy */;
		};
/* End PBXTargetDependency section */

/* Begin PBXVariantGroup section */
		53BA797E196705E8008E1160 /* Main.storyboard */ = {
			isa = PBXVariantGroup;
			children = (
				53BA797F196705E8008E1160 /* Base */,
			);
			name = Main.storyboard;
			sourceTree = "<group>";
		};
/* End PBXVariantGroup section */

/* Begin XCBuildConfiguration section */
		53BA798F196705E8008E1160 /* Debug */ = {
			isa = XCBuildConfiguration;
			buildSettings = {
				ALWAYS_SEARCH_USER_PATHS = NO;
				CLANG_CXX_LANGUAGE_STANDARD = "gnu++0x";
				CLANG_CXX_LIBRARY = "libc++";
				CLANG_ENABLE_MODULES = YES;
				CLANG_ENABLE_OBJC_ARC = YES;
				CLANG_WARN_BOOL_CONVERSION = YES;
				CLANG_WARN_CONSTANT_CONVERSION = YES;
				CLANG_WARN_DIRECT_OBJC_ISA_USAGE = YES_ERROR;
				CLANG_WARN_EMPTY_BODY = YES;
				CLANG_WARN_ENUM_CONVERSION = YES;
				CLANG_WARN_INT_CONVERSION = YES;
				CLANG_WARN_OBJC_ROOT_CLASS = YES_ERROR;
				CLANG_WARN_UNREACHABLE_CODE = YES;
				CLANG_WARN__DUPLICATE_METHOD_MATCH = YES;
				"CODE_SIGN_IDENTITY[sdk=iphoneos*]" = "iPhone Developer";
				COPY_PHASE_STRIP = NO;
				ENABLE_STRICT_OBJC_MSGSEND = YES;
				GCC_C_LANGUAGE_STANDARD = gnu99;
				GCC_DYNAMIC_NO_PIC = NO;
				GCC_OPTIMIZATION_LEVEL = 0;
				GCC_PREPROCESSOR_DEFINITIONS = (
					"DEBUG=1",
					"$(inherited)",
				);
				GCC_SYMBOLS_PRIVATE_EXTERN = NO;
				GCC_WARN_64_TO_32_BIT_CONVERSION = YES;
				GCC_WARN_ABOUT_RETURN_TYPE = YES_ERROR;
				GCC_WARN_UNDECLARED_SELECTOR = YES;
				GCC_WARN_UNINITIALIZED_AUTOS = YES_AGGRESSIVE;
				GCC_WARN_UNUSED_FUNCTION = YES;
				GCC_WARN_UNUSED_VARIABLE = YES;
				IPHONEOS_DEPLOYMENT_TARGET = 8.0;
				METAL_ENABLE_DEBUG_INFO = YES;
				ONLY_ACTIVE_ARCH = YES;
				SDKROOT = iphoneos;
				SWIFT_OPTIMIZATION_LEVEL = "-Onone";
			};
			name = Debug;
		};
		53BA7990196705E8008E1160 /* Release */ = {
			isa = XCBuildConfiguration;
			buildSettings = {
				ALWAYS_SEARCH_USER_PATHS = NO;
				CLANG_CXX_LANGUAGE_STANDARD = "gnu++0x";
				CLANG_CXX_LIBRARY = "libc++";
				CLANG_ENABLE_MODULES = YES;
				CLANG_ENABLE_OBJC_ARC = YES;
				CLANG_WARN_BOOL_CONVERSION = YES;
				CLANG_WARN_CONSTANT_CONVERSION = YES;
				CLANG_WARN_DIRECT_OBJC_ISA_USAGE = YES_ERROR;
				CLANG_WARN_EMPTY_BODY = YES;
				CLANG_WARN_ENUM_CONVERSION = YES;
				CLANG_WARN_INT_CONVERSION = YES;
				CLANG_WARN_OBJC_ROOT_CLASS = YES_ERROR;
				CLANG_WARN_UNREACHABLE_CODE = YES;
				CLANG_WARN__DUPLICATE_METHOD_MATCH = YES;
				"CODE_SIGN_IDENTITY[sdk=iphoneos*]" = "iPhone Developer";
				COPY_PHASE_STRIP = YES;
				ENABLE_NS_ASSERTIONS = NO;
				ENABLE_STRICT_OBJC_MSGSEND = YES;
				GCC_C_LANGUAGE_STANDARD = gnu99;
				GCC_WARN_64_TO_32_BIT_CONVERSION = YES;
				GCC_WARN_ABOUT_RETURN_TYPE = YES_ERROR;
				GCC_WARN_UNDECLARED_SELECTOR = YES;
				GCC_WARN_UNINITIALIZED_AUTOS = YES_AGGRESSIVE;
				GCC_WARN_UNUSED_FUNCTION = YES;
				GCC_WARN_UNUSED_VARIABLE = YES;
				IPHONEOS_DEPLOYMENT_TARGET = 8.0;
				METAL_ENABLE_DEBUG_INFO = NO;
				SDKROOT = iphoneos;
				VALIDATE_PRODUCT = YES;
			};
			name = Release;
		};
		53BA7992196705E8008E1160 /* Debug */ = {
			isa = XCBuildConfiguration;
			buildSettings = {
				ASSETCATALOG_COMPILER_APPICON_NAME = AppIcon;
				ASSETCATALOG_COMPILER_LAUNCHIMAGE_NAME = LaunchImage;
				INFOPLIST_FILE = SwiftHUD/Info.plist;
				LD_RUNPATH_SEARCH_PATHS = "$(inherited) @executable_path/Frameworks";
				PRODUCT_NAME = "$(TARGET_NAME)";
			};
			name = Debug;
		};
		53BA7993196705E8008E1160 /* Release */ = {
			isa = XCBuildConfiguration;
			buildSettings = {
				ASSETCATALOG_COMPILER_APPICON_NAME = AppIcon;
				ASSETCATALOG_COMPILER_LAUNCHIMAGE_NAME = LaunchImage;
				INFOPLIST_FILE = SwiftHUD/Info.plist;
				LD_RUNPATH_SEARCH_PATHS = "$(inherited) @executable_path/Frameworks";
				PRODUCT_NAME = "$(TARGET_NAME)";
			};
			name = Release;
		};
		53BA7995196705E8008E1160 /* Debug */ = {
			isa = XCBuildConfiguration;
			buildSettings = {
				BUNDLE_LOADER = "$(BUILT_PRODUCTS_DIR)/SwiftHUD.app/SwiftHUD";
				FRAMEWORK_SEARCH_PATHS = (
					"$(SDKROOT)/Developer/Library/Frameworks",
					"$(inherited)",
				);
				GCC_PREPROCESSOR_DEFINITIONS = (
					"DEBUG=1",
					"$(inherited)",
				);
				INFOPLIST_FILE = SwiftHUDTests/Info.plist;
				LD_RUNPATH_SEARCH_PATHS = "$(inherited) @executable_path/Frameworks @loader_path/Frameworks";
				METAL_ENABLE_DEBUG_INFO = YES;
				PRODUCT_NAME = "$(TARGET_NAME)";
				TEST_HOST = "$(BUNDLE_LOADER)";
			};
			name = Debug;
		};
		53BA7996196705E8008E1160 /* Release */ = {
			isa = XCBuildConfiguration;
			buildSettings = {
				BUNDLE_LOADER = "$(BUILT_PRODUCTS_DIR)/SwiftHUD.app/SwiftHUD";
				FRAMEWORK_SEARCH_PATHS = (
					"$(SDKROOT)/Developer/Library/Frameworks",
					"$(inherited)",
				);
				INFOPLIST_FILE = SwiftHUDTests/Info.plist;
				LD_RUNPATH_SEARCH_PATHS = "$(inherited) @executable_path/Frameworks @loader_path/Frameworks";
				METAL_ENABLE_DEBUG_INFO = NO;
				PRODUCT_NAME = "$(TARGET_NAME)";
				TEST_HOST = "$(BUNDLE_LOADER)";
			};
			name = Release;
		};
/* End XCBuildConfiguration section */

/* Begin XCConfigurationList section */
		53BA7970196705E8008E1160 /* Build configuration list for PBXProject "SwiftHUD" */ = {
			isa = XCConfigurationList;
			buildConfigurations = (
				53BA798F196705E8008E1160 /* Debug */,
				53BA7990196705E8008E1160 /* Release */,
			);
			defaultConfigurationIsVisible = 0;
			defaultConfigurationName = Release;
		};
		53BA7991196705E8008E1160 /* Build configuration list for PBXNativeTarget "SwiftHUD" */ = {
			isa = XCConfigurationList;
			buildConfigurations = (
				53BA7992196705E8008E1160 /* Debug */,
				53BA7993196705E8008E1160 /* Release */,
			);
			defaultConfigurationIsVisible = 0;
		};
		53BA7994196705E8008E1160 /* Build configuration list for PBXNativeTarget "SwiftHUDTests" */ = {
			isa = XCConfigurationList;
			buildConfigurations = (
				53BA7995196705E8008E1160 /* Debug */,
				53BA7996196705E8008E1160 /* Release */,
			);
			defaultConfigurationIsVisible = 0;
		};
/* End XCConfigurationList section */
	};
	rootObject = 53BA796D196705E8008E1160 /* Project object */;
}
